
Microsoft Visual Studio Solution File, Format Version 12.00
# Visual Studio Version 17
VisualStudioVersion = 17.0.31903.59
MinimumVisualStudioVersion = 10.0.40219.1
Project("{2150E333-8FDC-42A3-9474-1A3956D46DE8}") = "src", "src", "{15655A3B-07E7-49E6-B5F0-AC86AC2CD4C4}"
EndProject
Project("{FAE04EC0-301F-11D3-BF4B-00C04F79EFBC}") = "Analyzers", "src\Analyzers\Analyzers\Analyzers.csproj", "{3A6C0817-2A15-46C3-BC15-147C56A4DCAC}"
EndProject
Project("{FAE04EC0-301F-11D3-BF4B-00C04F79EFBC}") = "Analyzers.Sample", "src\Analyzers\Analyzers.Sample\Analyzers.Sample.csproj", "{397655CA-2E64-4B73-B224-953CB916969F}"
EndProject
Project("{2150E333-8FDC-42A3-9474-1A3956D46DE8}") = "tmp", "tmp", "{3BC6FB1E-1943-429B-8510-9D29BACE6C84}"
EndProject
Project("{FAE04EC0-301F-11D3-BF4B-00C04F79EFBC}") = "Analyzers1", "tmp\Analyzers1\Analyzers1\Analyzers1.csproj", "{E3BAE5D8-DF48-4F6D-A2C8-883117B4E5B5}"
EndProject
Project("{FAE04EC0-301F-11D3-BF4B-00C04F79EFBC}") = "Analyzers1.Sample", "tmp\Analyzers1\Analyzers1.Sample\Analyzers1.Sample.csproj", "{1A477341-1C57-49F6-9E55-9DB56F638DF2}"
EndProject
Project("{FAE04EC0-301F-11D3-BF4B-00C04F79EFBC}") = "Analyzers1.Tests", "tmp\Analyzers1\Analyzers1.Tests\Analyzers1.Tests.csproj", "{8D8C8AE2-A4E5-48C1-A0C7-6AEE69284A0A}"
EndProject
Project("{2150E333-8FDC-42A3-9474-1A3956D46DE8}") = "SolutionItems", "SolutionItems", "{7386A75C-A55E-4574-8550-AA05A04B13DC}"
	ProjectSection(SolutionItems) = preProject
		README.md = README.md
	EndProjectSection
EndProject
Project("{2150E333-8FDC-42A3-9474-1A3956D46DE8}") = "tests", "tests", "{8B17A3CA-747D-4D00-9752-7A06AB6DE231}"
EndProject
Project("{FAE04EC0-301F-11D3-BF4B-00C04F79EFBC}") = "Analyzers.Tests", "tests\Analyzers.Tests\Analyzers.Tests.csproj", "{417E1D99-A8C0-4A96-9BCE-34968F0EA3AE}"
EndProject
Global
	GlobalSection(SolutionConfigurationPlatforms) = preSolution
		Debug|Any CPU = Debug|Any CPU
		Release|Any CPU = Release|Any CPU
	EndGlobalSection
	GlobalSection(SolutionProperties) = preSolution
		HideSolutionNode = FALSE
	EndGlobalSection
	GlobalSection(NestedProjects) = preSolution
		{3A6C0817-2A15-46C3-BC15-147C56A4DCAC} = {15655A3B-07E7-49E6-B5F0-AC86AC2CD4C4}
		{397655CA-2E64-4B73-B224-953CB916969F} = {15655A3B-07E7-49E6-B5F0-AC86AC2CD4C4}
		{E3BAE5D8-DF48-4F6D-A2C8-883117B4E5B5} = {3BC6FB1E-1943-429B-8510-9D29BACE6C84}
		{1A477341-1C57-49F6-9E55-9DB56F638DF2} = {3BC6FB1E-1943-429B-8510-9D29BACE6C84}
		{8D8C8AE2-A4E5-48C1-A0C7-6AEE69284A0A} = {3BC6FB1E-1943-429B-8510-9D29BACE6C84}
		{417E1D99-A8C0-4A96-9BCE-34968F0EA3AE} = {8B17A3CA-747D-4D00-9752-7A06AB6DE231}
	EndGlobalSection
	GlobalSection(ProjectConfigurationPlatforms) = postSolution
		{3A6C0817-2A15-46C3-BC15-147C56A4DCAC}.Debug|Any CPU.ActiveCfg = Debug|Any CPU
		{3A6C0817-2A15-46C3-BC15-147C56A4DCAC}.Debug|Any CPU.Build.0 = Debug|Any CPU
		{3A6C0817-2A15-46C3-BC15-147C56A4DCAC}.Release|Any CPU.ActiveCfg = Release|Any CPU
		{3A6C0817-2A15-46C3-BC15-147C56A4DCAC}.Release|Any CPU.Build.0 = Release|Any CPU
		{397655CA-2E64-4B73-B224-953CB916969F}.Debug|Any CPU.ActiveCfg = Debug|Any CPU
		{397655CA-2E64-4B73-B224-953CB916969F}.Debug|Any CPU.Build.0 = Debug|Any CPU
		{397655CA-2E64-4B73-B224-953CB916969F}.Release|Any CPU.ActiveCfg = Release|Any CPU
		{397655CA-2E64-4B73-B224-953CB916969F}.Release|Any CPU.Build.0 = Release|Any CPU
		{E3BAE5D8-DF48-4F6D-A2C8-883117B4E5B5}.Debug|Any CPU.ActiveCfg = Debug|Any CPU
		{E3BAE5D8-DF48-4F6D-A2C8-883117B4E5B5}.Debug|Any CPU.Build.0 = Debug|Any CPU
		{E3BAE5D8-DF48-4F6D-A2C8-883117B4E5B5}.Release|Any CPU.ActiveCfg = Release|Any CPU
		{E3BAE5D8-DF48-4F6D-A2C8-883117B4E5B5}.Release|Any CPU.Build.0 = Release|Any CPU
		{1A477341-1C57-49F6-9E55-9DB56F638DF2}.Debug|Any CPU.ActiveCfg = Debug|Any CPU
		{1A477341-1C57-49F6-9E55-9DB56F638DF2}.Debug|Any CPU.Build.0 = Debug|Any CPU
		{1A477341-1C57-49F6-9E55-9DB56F638DF2}.Release|Any CPU.ActiveCfg = Release|Any CPU
		{1A477341-1C57-49F6-9E55-9DB56F638DF2}.Release|Any CPU.Build.0 = Release|Any CPU
		{8D8C8AE2-A4E5-48C1-A0C7-6AEE69284A0A}.Debug|Any CPU.ActiveCfg = Debug|Any CPU
		{8D8C8AE2-A4E5-48C1-A0C7-6AEE69284A0A}.Debug|Any CPU.Build.0 = Debug|Any CPU
		{8D8C8AE2-A4E5-48C1-A0C7-6AEE69284A0A}.Release|Any CPU.ActiveCfg = Release|Any CPU
		{8D8C8AE2-A4E5-48C1-A0C7-6AEE69284A0A}.Release|Any CPU.Build.0 = Release|Any CPU
		{417E1D99-A8C0-4A96-9BCE-34968F0EA3AE}.Debug|Any CPU.ActiveCfg = Debug|Any CPU
		{417E1D99-A8C0-4A96-9BCE-34968F0EA3AE}.Debug|Any CPU.Build.0 = Debug|Any CPU
		{417E1D99-A8C0-4A96-9BCE-34968F0EA3AE}.Release|Any CPU.ActiveCfg = Release|Any CPU
		{417E1D99-A8C0-4A96-9BCE-34968F0EA3AE}.Release|Any CPU.Build.0 = Release|Any CPU
	EndGlobalSection
EndGlobal
