
Microsoft Visual Studio Solution File, Format Version 12.00
# Visual Studio Version 17
VisualStudioVersion = 17.0.31903.59
MinimumVisualStudioVersion = 10.0.40219.1
Project("{2150E333-8FDC-42A3-9474-1A3956D46DE8}") = "src", "src", "{15655A3B-07E7-49E6-B5F0-AC86AC2CD4C4}"
EndProject
Project("{FAE04EC0-301F-11D3-BF4B-00C04F79EFBC}") = "Analyzers", "src\Analyzers\Analyzers\Analyzers.csproj", "{3A6C0817-2A15-46C3-BC15-147C56A4DCAC}"
EndProject
Project("{FAE04EC0-301F-11D3-BF4B-00C04F79EFBC}") = "Analyzers.Sample", "src\Analyzers\Analyzers.Sample\Analyzers.Sample.csproj", "{397655CA-2E64-4B73-B224-953CB916969F}"
EndProject
Project("{2150E333-8FDC-42A3-9474-1A3956D46DE8}") = "SolutionItems", "SolutionItems", "{7386A75C-A55E-4574-8550-AA05A04B13DC}"
	ProjectSection(SolutionItems) = preProject
		README.md = README.md
	EndProjectSection
EndProject
Project("{2150E333-8FDC-42A3-9474-1A3956D46DE8}") = "tests", "tests", "{8B17A3CA-747D-4D00-9752-7A06AB6DE231}"
EndProject
Project("{FAE04EC0-301F-11D3-BF4B-00C04F79EFBC}") = "Analyzers.Tests", "tests\Analyzers.Tests\Analyzers.Tests.csproj", "{417E1D99-A8C0-4A96-9BCE-34968F0EA3AE}"
EndProject
Global
	GlobalSection(SolutionConfigurationPlatforms) = preSolution
		Debug|Any CPU = Debug|Any CPU
		Release|Any CPU = Release|Any CPU
	EndGlobalSection
	GlobalSection(SolutionProperties) = preSolution
		HideSolutionNode = FALSE
	EndGlobalSection
	GlobalSection(NestedProjects) = preSolution
		{3A6C0817-2A15-46C3-BC15-147C56A4DCAC} = {15655A3B-07E7-49E6-B5F0-AC86AC2CD4C4}
		{397655CA-2E64-4B73-B224-953CB916969F} = {15655A3B-07E7-49E6-B5F0-AC86AC2CD4C4}
		{417E1D99-A8C0-4A96-9BCE-34968F0EA3AE} = {8B17A3CA-747D-4D00-9752-7A06AB6DE231}
	EndGlobalSection
	GlobalSection(ProjectConfigurationPlatforms) = postSolution
		{3A6C0817-2A15-46C3-BC15-147C56A4DCAC}.Debug|Any CPU.ActiveCfg = Debug|Any CPU
		{3A6C0817-2A15-46C3-BC15-147C56A4DCAC}.Debug|Any CPU.Build.0 = Debug|Any CPU
		{3A6C0817-2A15-46C3-BC15-147C56A4DCAC}.Release|Any CPU.ActiveCfg = Release|Any CPU
		{3A6C0817-2A15-46C3-BC15-147C56A4DCAC}.Release|Any CPU.Build.0 = Release|Any CPU
		{397655CA-2E64-4B73-B224-953CB916969F}.Debug|Any CPU.ActiveCfg = Debug|Any CPU
		{397655CA-2E64-4B73-B224-953CB916969F}.Debug|Any CPU.Build.0 = Debug|Any CPU
		{397655CA-2E64-4B73-B224-953CB916969F}.Release|Any CPU.ActiveCfg = Release|Any CPU
		{397655CA-2E64-4B73-B224-953CB916969F}.Release|Any CPU.Build.0 = Release|Any CPU
		{417E1D99-A8C0-4A96-9BCE-34968F0EA3AE}.Debug|Any CPU.ActiveCfg = Debug|Any CPU
		{417E1D99-A8C0-4A96-9BCE-34968F0EA3AE}.Debug|Any CPU.Build.0 = Debug|Any CPU
		{417E1D99-A8C0-4A96-9BCE-34968F0EA3AE}.Release|Any CPU.ActiveCfg = Release|Any CPU
		{417E1D99-A8C0-4A96-9BCE-34968F0EA3AE}.Release|Any CPU.Build.0 = Release|Any CPU
	EndGlobalSection
EndGlobal
